
Microsoft Visual Studio Solution File, Format Version 12.00
# Visual Studio 15
VisualStudioVersion = 15.0.26124.0
MinimumVisualStudioVersion = 15.0.26124.0
Project("{2150E333-8FDC-42A3-9474-1A3956D46DE8}") = "src", "src", "{45240274-85E1-49BB-AF2C-2C5D01AC4078}"
EndProject
Project("{FAE04EC0-301F-11D3-BF4B-00C04F79EFBC}") = "SimpleAPI", "src\SimpleAPI\SimpleAPI.csproj", "{F6F8CC79-5C0C-4399-855B-EE8BAA0A26F3}"
EndProject
Project("{2150E333-8FDC-42A3-9474-1A3956D46DE8}") = "test", "test", "{C2F4F0A5-DC57-4B43-B162-7280F5FDE8E4}"
EndProject
Project("{FAE04EC0-301F-11D3-BF4B-00C04F79EFBC}") = "SimpleAPI.Test", "test\SimpleAPI.Test\SimpleAPI.Test.csproj", "{C3F97B9B-ED06-4D0B-8769-9875CCCBF0E5}"
EndProject
Global
	GlobalSection(SolutionConfigurationPlatforms) = preSolution
		Debug|Any CPU = Debug|Any CPU
		Debug|x64 = Debug|x64
		Debug|x86 = Debug|x86
		Release|Any CPU = Release|Any CPU
		Release|x64 = Release|x64
		Release|x86 = Release|x86
	EndGlobalSection
	GlobalSection(SolutionProperties) = preSolution
		HideSolutionNode = FALSE
	EndGlobalSection
	GlobalSection(ProjectConfigurationPlatforms) = postSolution
		{F6F8CC79-5C0C-4399-855B-EE8BAA0A26F3}.Debug|Any CPU.ActiveCfg = Debug|Any CPU
		{F6F8CC79-5C0C-4399-855B-EE8BAA0A26F3}.Debug|Any CPU.Build.0 = Debug|Any CPU
		{F6F8CC79-5C0C-4399-855B-EE8BAA0A26F3}.Debug|x64.ActiveCfg = Debug|Any CPU
		{F6F8CC79-5C0C-4399-855B-EE8BAA0A26F3}.Debug|x64.Build.0 = Debug|Any CPU
		{F6F8CC79-5C0C-4399-855B-EE8BAA0A26F3}.Debug|x86.ActiveCfg = Debug|Any CPU
		{F6F8CC79-5C0C-4399-855B-EE8BAA0A26F3}.Debug|x86.Build.0 = Debug|Any CPU
		{F6F8CC79-5C0C-4399-855B-EE8BAA0A26F3}.Release|Any CPU.ActiveCfg = Release|Any CPU
		{F6F8CC79-5C0C-4399-855B-EE8BAA0A26F3}.Release|Any CPU.Build.0 = Release|Any CPU
		{F6F8CC79-5C0C-4399-855B-EE8BAA0A26F3}.Release|x64.ActiveCfg = Release|Any CPU
		{F6F8CC79-5C0C-4399-855B-EE8BAA0A26F3}.Release|x64.Build.0 = Release|Any CPU
		{F6F8CC79-5C0C-4399-855B-EE8BAA0A26F3}.Release|x86.ActiveCfg = Release|Any CPU
		{F6F8CC79-5C0C-4399-855B-EE8BAA0A26F3}.Release|x86.Build.0 = Release|Any CPU
		{C3F97B9B-ED06-4D0B-8769-9875CCCBF0E5}.Debug|Any CPU.ActiveCfg = Debug|Any CPU
		{C3F97B9B-ED06-4D0B-8769-9875CCCBF0E5}.Debug|Any CPU.Build.0 = Debug|Any CPU
		{C3F97B9B-ED06-4D0B-8769-9875CCCBF0E5}.Debug|x64.ActiveCfg = Debug|Any CPU
		{C3F97B9B-ED06-4D0B-8769-9875CCCBF0E5}.Debug|x64.Build.0 = Debug|Any CPU
		{C3F97B9B-ED06-4D0B-8769-9875CCCBF0E5}.Debug|x86.ActiveCfg = Debug|Any CPU
		{C3F97B9B-ED06-4D0B-8769-9875CCCBF0E5}.Debug|x86.Build.0 = Debug|Any CPU
		{C3F97B9B-ED06-4D0B-8769-9875CCCBF0E5}.Release|Any CPU.ActiveCfg = Release|Any CPU
		{C3F97B9B-ED06-4D0B-8769-9875CCCBF0E5}.Release|Any CPU.Build.0 = Release|Any CPU
		{C3F97B9B-ED06-4D0B-8769-9875CCCBF0E5}.Release|x64.ActiveCfg = Release|Any CPU
		{C3F97B9B-ED06-4D0B-8769-9875CCCBF0E5}.Release|x64.Build.0 = Release|Any CPU
		{C3F97B9B-ED06-4D0B-8769-9875CCCBF0E5}.Release|x86.ActiveCfg = Release|Any CPU
		{C3F97B9B-ED06-4D0B-8769-9875CCCBF0E5}.Release|x86.Build.0 = Release|Any CPU
	EndGlobalSection
	GlobalSection(NestedProjects) = preSolution
		{F6F8CC79-5C0C-4399-855B-EE8BAA0A26F3} = {45240274-85E1-49BB-AF2C-2C5D01AC4078}
		{C3F97B9B-ED06-4D0B-8769-9875CCCBF0E5} = {C2F4F0A5-DC57-4B43-B162-7280F5FDE8E4}
	EndGlobalSection
EndGlobal
